
Microsoft Visual Studio Solution File, Format Version 12.00
# Visual Studio 15
VisualStudioVersion = 15.0.28307.1082
MinimumVisualStudioVersion = 10.0.40219.1
Project("{FAE04EC0-301F-11D3-BF4B-00C04F79EFBC}") = "Hydra", "Hydra\Hydra.csproj", "{01A1B70F-7C41-465A-86DD-00E821F52750}"
EndProject
Global
	GlobalSection(SolutionConfigurationPlatforms) = preSolution
		Debug|Any CPU = Debug|Any CPU
		Release|Any CPU = Release|Any CPU
	EndGlobalSection
	GlobalSection(ProjectConfigurationPlatforms) = postSolution
		{01A1B70F-7C41-465A-86DD-00E821F52750}.Debug|Any CPU.ActiveCfg = Debug|Any CPU
		{01A1B70F-7C41-465A-86DD-00E821F52750}.Debug|Any CPU.Build.0 = Debug|Any CPU
		{01A1B70F-7C41-465A-86DD-00E821F52750}.Release|Any CPU.ActiveCfg = Release|Any CPU
		{01A1B70F-7C41-465A-86DD-00E821F52750}.Release|Any CPU.Build.0 = Release|Any CPU
	EndGlobalSection
	GlobalSection(SolutionProperties) = preSolution
		HideSolutionNode = FALSE
	EndGlobalSection
	GlobalSection(ExtensibilityGlobals) = postSolution
		SolutionGuid = {A6342B86-27B9-45AB-848C-71EA393317C3}
	EndGlobalSection
EndGlobal
